// !$*UTF8*$!
{
	archiveVersion = 1;
	classes = {
	};
	objectVersion = 48;
	objects = {

/* Begin PBXBuildFile section */
		996B262D20EE6CA500032564 /* M4Animator.m in Sources */ = {isa = PBXBuildFile; fileRef = 996B262C20EE6CA500032564 /* M4Animator.m */; };
		996B263120EE6ED700032564 /* M4Animation.m in Sources */ = {isa = PBXBuildFile; fileRef = 996B263020EE6ED700032564 /* M4Animation.m */; };
		996B263A20EE712100032564 /* M4AnimaView_Core.m in Sources */ = {isa = PBXBuildFile; fileRef = 996B263920EE712100032564 /* M4AnimaView_Core.m */; };
		996B263D20EE714200032564 /* ProgressLayer_CA_Explicit_OC.m in Sources */ = {isa = PBXBuildFile; fileRef = 996B263C20EE714200032564 /* ProgressLayer_CA_Explicit_OC.m */; };
		99BFF02120E7CC230048E8F8 /* OCViewController.m in Sources */ = {isa = PBXBuildFile; fileRef = 99BFF01F20E7CC230048E8F8 /* OCViewController.m */; };
		99BFF02720E7D1830048E8F8 /* M4AnimaView_CA_Explicit_OC.m in Sources */ = {isa = PBXBuildFile; fileRef = 99BFF02620E7D1830048E8F8 /* M4AnimaView_CA_Explicit_OC.m */; };
		99BFF02A20E8FD8A0048E8F8 /* M4AnimaView_CA_Implicit_OC.m in Sources */ = {isa = PBXBuildFile; fileRef = 99BFF02920E8FD8A0048E8F8 /* M4AnimaView_CA_Implicit_OC.m */; };
		99E3C39320ECE70500F2E314 /* M4AnimaView_DL_OC.m in Sources */ = {isa = PBXBuildFile; fileRef = 99E3C39220ECE70500F2E314 /* M4AnimaView_DL_OC.m */; };
		EF59235520E7CA89000EA742 /* AppDelegate.swift in Sources */ = {isa = PBXBuildFile; fileRef = EF59235420E7CA89000EA742 /* AppDelegate.swift */; };
		EF59235720E7CA89000EA742 /* ViewController.swift in Sources */ = {isa = PBXBuildFile; fileRef = EF59235620E7CA89000EA742 /* ViewController.swift */; };
		EF59235A20E7CA89000EA742 /* Main.storyboard in Resources */ = {isa = PBXBuildFile; fileRef = EF59235820E7CA89000EA742 /* Main.storyboard */; };
		EF59235C20E7CA89000EA742 /* Assets.xcassets in Resources */ = {isa = PBXBuildFile; fileRef = EF59235B20E7CA89000EA742 /* Assets.xcassets */; };
		EF59235F20E7CA89000EA742 /* LaunchScreen.storyboard in Resources */ = {isa = PBXBuildFile; fileRef = EF59235D20E7CA89000EA742 /* LaunchScreen.storyboard */; };
/* End PBXBuildFile section */

/* Begin PBXFileReference section */
		996B262B20EE6CA500032564 /* M4Animator.h */ = {isa = PBXFileReference; lastKnownFileType = sourcecode.c.h; path = M4Animator.h; sourceTree = "<group>"; };
		996B262C20EE6CA500032564 /* M4Animator.m */ = {isa = PBXFileReference; lastKnownFileType = sourcecode.c.objc; path = M4Animator.m; sourceTree = "<group>"; };
		996B262F20EE6ED700032564 /* M4Animation.h */ = {isa = PBXFileReference; lastKnownFileType = sourcecode.c.h; path = M4Animation.h; sourceTree = "<group>"; };
		996B263020EE6ED700032564 /* M4Animation.m */ = {isa = PBXFileReference; lastKnownFileType = sourcecode.c.objc; path = M4Animation.m; sourceTree = "<group>"; };
		996B263820EE712100032564 /* M4AnimaView_Core.h */ = {isa = PBXFileReference; lastKnownFileType = sourcecode.c.h; path = M4AnimaView_Core.h; sourceTree = "<group>"; };
		996B263920EE712100032564 /* M4AnimaView_Core.m */ = {isa = PBXFileReference; lastKnownFileType = sourcecode.c.objc; path = M4AnimaView_Core.m; sourceTree = "<group>"; };
		996B263B20EE714200032564 /* ProgressLayer_CA_Explicit_OC.h */ = {isa = PBXFileReference; lastKnownFileType = sourcecode.c.h; path = ProgressLayer_CA_Explicit_OC.h; sourceTree = "<group>"; };
		996B263C20EE714200032564 /* ProgressLayer_CA_Explicit_OC.m */ = {isa = PBXFileReference; lastKnownFileType = sourcecode.c.objc; path = ProgressLayer_CA_Explicit_OC.m; sourceTree = "<group>"; };
		99BFF01920E7CBFA0048E8F8 /* M4AnimationCore-Bridging-Header.h */ = {isa = PBXFileReference; lastKnownFileType = sourcecode.c.h; path = "M4AnimationCore-Bridging-Header.h"; sourceTree = "<group>"; };
		99BFF01F20E7CC230048E8F8 /* OCViewController.m */ = {isa = PBXFileReference; fileEncoding = 4; lastKnownFileType = sourcecode.c.objc; path = OCViewController.m; sourceTree = "<group>"; };
		99BFF02020E7CC230048E8F8 /* OCViewController.h */ = {isa = PBXFileReference; fileEncoding = 4; lastKnownFileType = sourcecode.c.h; path = OCViewController.h; sourceTree = "<group>"; };
		99BFF02520E7D1830048E8F8 /* M4AnimaView_CA_Explicit_OC.h */ = {isa = PBXFileReference; lastKnownFileType = sourcecode.c.h; path = M4AnimaView_CA_Explicit_OC.h; sourceTree = "<group>"; };
		99BFF02620E7D1830048E8F8 /* M4AnimaView_CA_Explicit_OC.m */ = {isa = PBXFileReference; lastKnownFileType = sourcecode.c.objc; path = M4AnimaView_CA_Explicit_OC.m; sourceTree = "<group>"; };
		99BFF02820E8FD8A0048E8F8 /* M4AnimaView_CA_Implicit_OC.h */ = {isa = PBXFileReference; lastKnownFileType = sourcecode.c.h; path = M4AnimaView_CA_Implicit_OC.h; sourceTree = "<group>"; };
		99BFF02920E8FD8A0048E8F8 /* M4AnimaView_CA_Implicit_OC.m */ = {isa = PBXFileReference; lastKnownFileType = sourcecode.c.objc; path = M4AnimaView_CA_Implicit_OC.m; sourceTree = "<group>"; };
		99E3C39120ECE70500F2E314 /* M4AnimaView_DL_OC.h */ = {isa = PBXFileReference; lastKnownFileType = sourcecode.c.h; path = M4AnimaView_DL_OC.h; sourceTree = "<group>"; };
		99E3C39220ECE70500F2E314 /* M4AnimaView_DL_OC.m */ = {isa = PBXFileReference; lastKnownFileType = sourcecode.c.objc; path = M4AnimaView_DL_OC.m; sourceTree = "<group>"; };
		EF59235120E7CA89000EA742 /* M4AnimationCore.app */ = {isa = PBXFileReference; explicitFileType = wrapper.application; includeInIndex = 0; path = M4AnimationCore.app; sourceTree = BUILT_PRODUCTS_DIR; };
		EF59235420E7CA89000EA742 /* AppDelegate.swift */ = {isa = PBXFileReference; lastKnownFileType = sourcecode.swift; path = AppDelegate.swift; sourceTree = "<group>"; };
		EF59235620E7CA89000EA742 /* ViewController.swift */ = {isa = PBXFileReference; lastKnownFileType = sourcecode.swift; path = ViewController.swift; sourceTree = "<group>"; };
		EF59235920E7CA89000EA742 /* Base */ = {isa = PBXFileReference; lastKnownFileType = file.storyboard; name = Base; path = Base.lproj/Main.storyboard; sourceTree = "<group>"; };
		EF59235B20E7CA89000EA742 /* Assets.xcassets */ = {isa = PBXFileReference; lastKnownFileType = folder.assetcatalog; path = Assets.xcassets; sourceTree = "<group>"; };
		EF59235E20E7CA89000EA742 /* Base */ = {isa = PBXFileReference; lastKnownFileType = file.storyboard; name = Base; path = Base.lproj/LaunchScreen.storyboard; sourceTree = "<group>"; };
		EF59236020E7CA89000EA742 /* Info.plist */ = {isa = PBXFileReference; lastKnownFileType = text.plist.xml; path = Info.plist; sourceTree = "<group>"; };
/* End PBXFileReference section */

/* Begin PBXFrameworksBuildPhase section */
		EF59234E20E7CA89000EA742 /* Frameworks */ = {
			isa = PBXFrameworksBuildPhase;
			buildActionMask = 2147483647;
			files = (
			);
			runOnlyForDeploymentPostprocessing = 0;
		};
/* End PBXFrameworksBuildPhase section */

/* Begin PBXGroup section */
		99BFF01D20E7CC230048E8F8 /* Swift */ = {
			isa = PBXGroup;
			children = (
			);
			name = Swift;
			path = Src/Swift;
			sourceTree = "<group>";
		};
		99BFF01E20E7CC230048E8F8 /* OC */ = {
			isa = PBXGroup;
			children = (
				99BFF02020E7CC230048E8F8 /* OCViewController.h */,
				99BFF01F20E7CC230048E8F8 /* OCViewController.m */,
				99BFF02420E7D09D0048E8F8 /* CA */,
				99BFF02320E7D09D0048E8F8 /* DisplayLink */,
				99BFF02220E7D09D0048E8F8 /* Core */,
			);
			name = OC;
			path = Src/OC;
			sourceTree = "<group>";
		};
		99BFF02220E7D09D0048E8F8 /* Core */ = {
			isa = PBXGroup;
			children = (
				996B263820EE712100032564 /* M4AnimaView_Core.h */,
				996B263920EE712100032564 /* M4AnimaView_Core.m */,
				996B262F20EE6ED700032564 /* M4Animation.h */,
				996B263020EE6ED700032564 /* M4Animation.m */,
				996B262B20EE6CA500032564 /* M4Animator.h */,
				996B262C20EE6CA500032564 /* M4Animator.m */,
			);
			path = Core;
			sourceTree = "<group>";
		};
		99BFF02320E7D09D0048E8F8 /* DisplayLink */ = {
			isa = PBXGroup;
			children = (
				99E3C39120ECE70500F2E314 /* M4AnimaView_DL_OC.h */,
				99E3C39220ECE70500F2E314 /* M4AnimaView_DL_OC.m */,
			);
			path = DisplayLink;
			sourceTree = "<group>";
		};
		99BFF02420E7D09D0048E8F8 /* CA */ = {
			isa = PBXGroup;
			children = (
				99BFF02520E7D1830048E8F8 /* M4AnimaView_CA_Explicit_OC.h */,
				99BFF02620E7D1830048E8F8 /* M4AnimaView_CA_Explicit_OC.m */,
				996B263B20EE714200032564 /* ProgressLayer_CA_Explicit_OC.h */,
				996B263C20EE714200032564 /* ProgressLayer_CA_Explicit_OC.m */,
				99BFF02820E8FD8A0048E8F8 /* M4AnimaView_CA_Implicit_OC.h */,
				99BFF02920E8FD8A0048E8F8 /* M4AnimaView_CA_Implicit_OC.m */,
			);
			path = CA;
			sourceTree = "<group>";
		};
		EF59234820E7CA89000EA742 = {
			isa = PBXGroup;
			children = (
				EF59235320E7CA89000EA742 /* M4AnimationCore */,
				EF59235220E7CA89000EA742 /* Products */,
			);
			sourceTree = "<group>";
		};
		EF59235220E7CA89000EA742 /* Products */ = {
			isa = PBXGroup;
			children = (
				EF59235120E7CA89000EA742 /* M4AnimationCore.app */,
			);
			name = Products;
			sourceTree = "<group>";
		};
		EF59235320E7CA89000EA742 /* M4AnimationCore */ = {
			isa = PBXGroup;
			children = (
				EF59235420E7CA89000EA742 /* AppDelegate.swift */,
				EF59235620E7CA89000EA742 /* ViewController.swift */,
				EF59235820E7CA89000EA742 /* Main.storyboard */,
				99BFF01E20E7CC230048E8F8 /* OC */,
				99BFF01D20E7CC230048E8F8 /* Swift */,
				EF59235B20E7CA89000EA742 /* Assets.xcassets */,
				EF59235D20E7CA89000EA742 /* LaunchScreen.storyboard */,
				EF59236020E7CA89000EA742 /* Info.plist */,
				99BFF01920E7CBFA0048E8F8 /* M4AnimationCore-Bridging-Header.h */,
			);
			path = M4AnimationCore;
			sourceTree = "<group>";
		};
/* End PBXGroup section */

/* Begin PBXNativeTarget section */
		EF59235020E7CA89000EA742 /* M4AnimationCore */ = {
			isa = PBXNativeTarget;
			buildConfigurationList = EF59236320E7CA89000EA742 /* Build configuration list for PBXNativeTarget "M4AnimationCore" */;
			buildPhases = (
				EF59234D20E7CA89000EA742 /* Sources */,
				EF59234E20E7CA89000EA742 /* Frameworks */,
				EF59234F20E7CA89000EA742 /* Resources */,
			);
			buildRules = (
			);
			dependencies = (
			);
			name = M4AnimationCore;
			productName = M4AnimationCore;
			productReference = EF59235120E7CA89000EA742 /* M4AnimationCore.app */;
			productType = "com.apple.product-type.application";
		};
/* End PBXNativeTarget section */

/* Begin PBXProject section */
		EF59234920E7CA89000EA742 /* Project object */ = {
			isa = PBXProject;
			attributes = {
				LastSwiftUpdateCheck = 0920;
				LastUpgradeCheck = 0920;
				ORGANIZATIONNAME = xyz.chenms;
				TargetAttributes = {
					EF59235020E7CA89000EA742 = {
						CreatedOnToolsVersion = 9.2;
						LastSwiftMigration = 0920;
						ProvisioningStyle = Automatic;
					};
				};
			};
			buildConfigurationList = EF59234C20E7CA89000EA742 /* Build configuration list for PBXProject "M4AnimationCore" */;
			compatibilityVersion = "Xcode 8.0";
			developmentRegion = en;
			hasScannedForEncodings = 0;
			knownRegions = (
				en,
				Base,
			);
			mainGroup = EF59234820E7CA89000EA742;
			productRefGroup = EF59235220E7CA89000EA742 /* Products */;
			projectDirPath = "";
			projectRoot = "";
			targets = (
				EF59235020E7CA89000EA742 /* M4AnimationCore */,
			);
		};
/* End PBXProject section */

/* Begin PBXResourcesBuildPhase section */
		EF59234F20E7CA89000EA742 /* Resources */ = {
			isa = PBXResourcesBuildPhase;
			buildActionMask = 2147483647;
			files = (
				EF59235F20E7CA89000EA742 /* LaunchScreen.storyboard in Resources */,
				EF59235C20E7CA89000EA742 /* Assets.xcassets in Resources */,
				EF59235A20E7CA89000EA742 /* Main.storyboard in Resources */,
			);
			runOnlyForDeploymentPostprocessing = 0;
		};
/* End PBXResourcesBuildPhase section */

/* Begin PBXSourcesBuildPhase section */
		EF59234D20E7CA89000EA742 /* Sources */ = {
			isa = PBXSourcesBuildPhase;
			buildActionMask = 2147483647;
			files = (
				99BFF02720E7D1830048E8F8 /* M4AnimaView_CA_Explicit_OC.m in Sources */,
				996B263120EE6ED700032564 /* M4Animation.m in Sources */,
				EF59235720E7CA89000EA742 /* ViewController.swift in Sources */,
				EF59235520E7CA89000EA742 /* AppDelegate.swift in Sources */,
				99BFF02A20E8FD8A0048E8F8 /* M4AnimaView_CA_Implicit_OC.m in Sources */,
				99E3C39320ECE70500F2E314 /* M4AnimaView_DL_OC.m in Sources */,
				996B263D20EE714200032564 /* ProgressLayer_CA_Explicit_OC.m in Sources */,
				996B263A20EE712100032564 /* M4AnimaView_Core.m in Sources */,
				99BFF02120E7CC230048E8F8 /* OCViewController.m in Sources */,
				996B262D20EE6CA500032564 /* M4Animator.m in Sources */,
			);
			runOnlyForDeploymentPostprocessing = 0;
		};
/* End PBXSourcesBuildPhase section */

/* Begin PBXVariantGroup section */
		EF59235820E7CA89000EA742 /* Main.storyboard */ = {
			isa = PBXVariantGroup;
			children = (
				EF59235920E7CA89000EA742 /* Base */,
			);
			name = Main.storyboard;
			sourceTree = "<group>";
		};
		EF59235D20E7CA89000EA742 /* LaunchScreen.storyboard */ = {
			isa = PBXVariantGroup;
			children = (
				EF59235E20E7CA89000EA742 /* Base */,
			);
			name = LaunchScreen.storyboard;
			sourceTree = "<group>";
		};
/* End PBXVariantGroup section */

/* Begin XCBuildConfiguration section */
		EF59236120E7CA89000EA742 /* Debug */ = {
			isa = XCBuildConfiguration;
			buildSettings = {
				ALWAYS_SEARCH_USER_PATHS = NO;
				CLANG_ANALYZER_NONNULL = YES;
				CLANG_ANALYZER_NUMBER_OBJECT_CONVERSION = YES_AGGRESSIVE;
				CLANG_CXX_LANGUAGE_STANDARD = "gnu++14";
				CLANG_CXX_LIBRARY = "libc++";
				CLANG_ENABLE_MODULES = YES;
				CLANG_ENABLE_OBJC_ARC = YES;
				CLANG_WARN_BLOCK_CAPTURE_AUTORELEASING = YES;
				CLANG_WARN_BOOL_CONVERSION = YES;
				CLANG_WARN_COMMA = YES;
				CLANG_WARN_CONSTANT_CONVERSION = YES;
				CLANG_WARN_DIRECT_OBJC_ISA_USAGE = YES_ERROR;
				CLANG_WARN_DOCUMENTATION_COMMENTS = YES;
				CLANG_WARN_EMPTY_BODY = YES;
				CLANG_WARN_ENUM_CONVERSION = YES;
				CLANG_WARN_INFINITE_RECURSION = YES;
				CLANG_WARN_INT_CONVERSION = YES;
				CLANG_WARN_NON_LITERAL_NULL_CONVERSION = YES;
				CLANG_WARN_OBJC_LITERAL_CONVERSION = YES;
				CLANG_WARN_OBJC_ROOT_CLASS = YES_ERROR;
				CLANG_WARN_RANGE_LOOP_ANALYSIS = YES;
				CLANG_WARN_STRICT_PROTOTYPES = YES;
				CLANG_WARN_SUSPICIOUS_MOVE = YES;
				CLANG_WARN_UNGUARDED_AVAILABILITY = YES_AGGRESSIVE;
				CLANG_WARN_UNREACHABLE_CODE = YES;
				CLANG_WARN__DUPLICATE_METHOD_MATCH = YES;
				CODE_SIGN_IDENTITY = "iPhone Developer";
				COPY_PHASE_STRIP = NO;
				DEBUG_INFORMATION_FORMAT = dwarf;
				ENABLE_STRICT_OBJC_MSGSEND = YES;
				ENABLE_TESTABILITY = YES;
				GCC_C_LANGUAGE_STANDARD = gnu11;
				GCC_DYNAMIC_NO_PIC = NO;
				GCC_NO_COMMON_BLOCKS = YES;
				GCC_OPTIMIZATION_LEVEL = 0;
				GCC_PREPROCESSOR_DEFINITIONS = (
					"DEBUG=1",
					"$(inherited)",
				);
				GCC_WARN_64_TO_32_BIT_CONVERSION = YES;
				GCC_WARN_ABOUT_RETURN_TYPE = YES_ERROR;
				GCC_WARN_UNDECLARED_SELECTOR = YES;
				GCC_WARN_UNINITIALIZED_AUTOS = YES_AGGRESSIVE;
				GCC_WARN_UNUSED_FUNCTION = YES;
				GCC_WARN_UNUSED_VARIABLE = YES;
				IPHONEOS_DEPLOYMENT_TARGET = 9.0;
				MTL_ENABLE_DEBUG_INFO = YES;
				ONLY_ACTIVE_ARCH = YES;
				SDKROOT = iphoneos;
				SWIFT_ACTIVE_COMPILATION_CONDITIONS = DEBUG;
				SWIFT_OPTIMIZATION_LEVEL = "-Onone";
			};
			name = Debug;
		};
		EF59236220E7CA89000EA742 /* Release */ = {
			isa = XCBuildConfiguration;
			buildSettings = {
				ALWAYS_SEARCH_USER_PATHS = NO;
				CLANG_ANALYZER_NONNULL = YES;
				CLANG_ANALYZER_NUMBER_OBJECT_CONVERSION = YES_AGGRESSIVE;
				CLANG_CXX_LANGUAGE_STANDARD = "gnu++14";
				CLANG_CXX_LIBRARY = "libc++";
				CLANG_ENABLE_MODULES = YES;
				CLANG_ENABLE_OBJC_ARC = YES;
				CLANG_WARN_BLOCK_CAPTURE_AUTORELEASING = YES;
				CLANG_WARN_BOOL_CONVERSION = YES;
				CLANG_WARN_COMMA = YES;
				CLANG_WARN_CONSTANT_CONVERSION = YES;
				CLANG_WARN_DIRECT_OBJC_ISA_USAGE = YES_ERROR;
				CLANG_WARN_DOCUMENTATION_COMMENTS = YES;
				CLANG_WARN_EMPTY_BODY = YES;
				CLANG_WARN_ENUM_CONVERSION = YES;
				CLANG_WARN_INFINITE_RECURSION = YES;
				CLANG_WARN_INT_CONVERSION = YES;
				CLANG_WARN_NON_LITERAL_NULL_CONVERSION = YES;
				CLANG_WARN_OBJC_LITERAL_CONVERSION = YES;
				CLANG_WARN_OBJC_ROOT_CLASS = YES_ERROR;
				CLANG_WARN_RANGE_LOOP_ANALYSIS = YES;
				CLANG_WARN_STRICT_PROTOTYPES = YES;
				CLANG_WARN_SUSPICIOUS_MOVE = YES;
				CLANG_WARN_UNGUARDED_AVAILABILITY = YES_AGGRESSIVE;
				CLANG_WARN_UNREACHABLE_CODE = YES;
				CLANG_WARN__DUPLICATE_METHOD_MATCH = YES;
				CODE_SIGN_IDENTITY = "iPhone Developer";
				COPY_PHASE_STRIP = NO;
				DEBUG_INFORMATION_FORMAT = "dwarf-with-dsym";
				ENABLE_NS_ASSERTIONS = NO;
				ENABLE_STRICT_OBJC_MSGSEND = YES;
				GCC_C_LANGUAGE_STANDARD = gnu11;
				GCC_NO_COMMON_BLOCKS = YES;
				GCC_WARN_64_TO_32_BIT_CONVERSION = YES;
				GCC_WARN_ABOUT_RETURN_TYPE = YES_ERROR;
				GCC_WARN_UNDECLARED_SELECTOR = YES;
				GCC_WARN_UNINITIALIZED_AUTOS = YES_AGGRESSIVE;
				GCC_WARN_UNUSED_FUNCTION = YES;
				GCC_WARN_UNUSED_VARIABLE = YES;
				IPHONEOS_DEPLOYMENT_TARGET = 9.0;
				MTL_ENABLE_DEBUG_INFO = NO;
				SDKROOT = iphoneos;
				SWIFT_OPTIMIZATION_LEVEL = "-Owholemodule";
				VALIDATE_PRODUCT = YES;
			};
			name = Release;
		};
		EF59236420E7CA89000EA742 /* Debug */ = {
			isa = XCBuildConfiguration;
			buildSettings = {
				ASSETCATALOG_COMPILER_APPICON_NAME = AppIcon;
				CLANG_ENABLE_MODULES = YES;
				CODE_SIGN_STYLE = Automatic;
				INFOPLIST_FILE = M4AnimationCore/Info.plist;
				LD_RUNPATH_SEARCH_PATHS = "$(inherited) @executable_path/Frameworks";
				PRODUCT_BUNDLE_IDENTIFIER = xyz.chenms.M4AnimationCore;
				PRODUCT_NAME = "$(TARGET_NAME)";
				SWIFT_OBJC_BRIDGING_HEADER = "M4AnimationCore/M4AnimationCore-Bridging-Header.h";
				SWIFT_OPTIMIZATION_LEVEL = "-Onone";
				SWIFT_VERSION = 4.0;
				TARGETED_DEVICE_FAMILY = "1,2";
			};
			name = Debug;
		};
		EF59236520E7CA89000EA742 /* Release */ = {
			isa = XCBuildConfiguration;
			buildSettings = {
				ASSETCATALOG_COMPILER_APPICON_NAME = AppIcon;
				CLANG_ENABLE_MODULES = YES;
				CODE_SIGN_STYLE = Automatic;
				INFOPLIST_FILE = M4AnimationCore/Info.plist;
				LD_RUNPATH_SEARCH_PATHS = "$(inherited) @executable_path/Frameworks";
				PRODUCT_BUNDLE_IDENTIFIER = xyz.chenms.M4AnimationCore;
				PRODUCT_NAME = "$(TARGET_NAME)";
				SWIFT_OBJC_BRIDGING_HEADER = "M4AnimationCore/M4AnimationCore-Bridging-Header.h";
				SWIFT_VERSION = 4.0;
				TARGETED_DEVICE_FAMILY = "1,2";
			};
			name = Release;
		};
/* End XCBuildConfiguration section */

/* Begin XCConfigurationList section */
		EF59234C20E7CA89000EA742 /* Build configuration list for PBXProject "M4AnimationCore" */ = {
			isa = XCConfigurationList;
			buildConfigurations = (
				EF59236120E7CA89000EA742 /* Debug */,
				EF59236220E7CA89000EA742 /* Release */,
			);
			defaultConfigurationIsVisible = 0;
			defaultConfigurationName = Release;
		};
		EF59236320E7CA89000EA742 /* Build configuration list for PBXNativeTarget "M4AnimationCore" */ = {
			isa = XCConfigurationList;
			buildConfigurations = (
				EF59236420E7CA89000EA742 /* Debug */,
				EF59236520E7CA89000EA742 /* Release */,
			);
			defaultConfigurationIsVisible = 0;
			defaultConfigurationName = Release;
		};
/* End XCConfigurationList section */
	};
	rootObject = EF59234920E7CA89000EA742 /* Project object */;
}
